
Microsoft Visual Studio Solution File, Format Version 12.00
# Visual Studio Version 16
VisualStudioVersion = 16.0.29403.142
MinimumVisualStudioVersion = 10.0.40219.1
Project("{9A19103F-16F7-4668-BE54-9A1E7A4F7556}") = "Northwind", "Northwind.csproj", "{510CE5D7-6182-4F63-99EB-ED37260E07C9}"
EndProject
Project("{FAE04EC0-301F-11D3-BF4B-00C04F79EFBC}") = "Northwind.Tests", "..\Northwind.Tests\Northwind.Tests.csproj", "{F50D7D77-4DC5-4CCD-8974-57647CBC094C}"
EndProject
Global
	GlobalSection(SolutionConfigurationPlatforms) = preSolution
		Debug|Any CPU = Debug|Any CPU
		Release|Any CPU = Release|Any CPU
	EndGlobalSection
	GlobalSection(ProjectConfigurationPlatforms) = postSolution
		{510CE5D7-6182-4F63-99EB-ED37260E07C9}.Debug|Any CPU.ActiveCfg = Debug|Any CPU
		{510CE5D7-6182-4F63-99EB-ED37260E07C9}.Debug|Any CPU.Build.0 = Debug|Any CPU
		{510CE5D7-6182-4F63-99EB-ED37260E07C9}.Release|Any CPU.ActiveCfg = Release|Any CPU
		{510CE5D7-6182-4F63-99EB-ED37260E07C9}.Release|Any CPU.Build.0 = Release|Any CPU
		{F50D7D77-4DC5-4CCD-8974-57647CBC094C}.Debug|Any CPU.ActiveCfg = Debug|Any CPU
		{F50D7D77-4DC5-4CCD-8974-57647CBC094C}.Debug|Any CPU.Build.0 = Debug|Any CPU
		{F50D7D77-4DC5-4CCD-8974-57647CBC094C}.Release|Any CPU.ActiveCfg = Release|Any CPU
		{F50D7D77-4DC5-4CCD-8974-57647CBC094C}.Release|Any CPU.Build.0 = Release|Any CPU
	EndGlobalSection
	GlobalSection(SolutionProperties) = preSolution
		HideSolutionNode = FALSE
	EndGlobalSection
	GlobalSection(ExtensibilityGlobals) = postSolution
		SolutionGuid = {382C2DE8-11C3-472C-9DA6-C3885B4C4B61}
	EndGlobalSection
EndGlobal
