
Microsoft Visual Studio Solution File, Format Version 12.00
# Visual Studio Version 16
VisualStudioVersion = 16.0.29418.71
MinimumVisualStudioVersion = 10.0.40219.1
Project("{FAE04EC0-301F-11D3-BF4B-00C04F79EFBC}") = "Northwind.ConsoleApp", "Northwind.ConsoleApp.csproj", "{9914558C-3681-4024-801F-1C50A2590440}"
EndProject
Global
	GlobalSection(SolutionConfigurationPlatforms) = preSolution
		Debug|Any CPU = Debug|Any CPU
		Release|Any CPU = Release|Any CPU
	EndGlobalSection
	GlobalSection(ProjectConfigurationPlatforms) = postSolution
		{9914558C-3681-4024-801F-1C50A2590440}.Debug|Any CPU.ActiveCfg = Debug|Any CPU
		{9914558C-3681-4024-801F-1C50A2590440}.Debug|Any CPU.Build.0 = Debug|Any CPU
		{9914558C-3681-4024-801F-1C50A2590440}.Release|Any CPU.ActiveCfg = Release|Any CPU
		{9914558C-3681-4024-801F-1C50A2590440}.Release|Any CPU.Build.0 = Release|Any CPU
	EndGlobalSection
	GlobalSection(SolutionProperties) = preSolution
		HideSolutionNode = FALSE
	EndGlobalSection
	GlobalSection(ExtensibilityGlobals) = postSolution
		SolutionGuid = {2D24AD9B-A215-49CA-8471-71F47113C631}
	EndGlobalSection
EndGlobal
